// !$*UTF8*$!
{
	archiveVersion = 1;
	classes = {
	};
	objectVersion = 46;
	objects = {

/* Begin PBXBuildFile section */
		460AC278171960F80008D16C /* ImageIO.framework in Frameworks */ = {isa = PBXBuildFile; fileRef = 460AC277171960F80008D16C /* ImageIO.framework */; };
		460AC27A171961000008D16C /* AssetsLibrary.framework in Frameworks */ = {isa = PBXBuildFile; fileRef = 460AC279171961000008D16C /* AssetsLibrary.framework */; };
		460AC27C1719610D0008D16C /* MobileCoreServices.framework in Frameworks */ = {isa = PBXBuildFile; fileRef = 460AC27B1719610D0008D16C /* MobileCoreServices.framework */; };
		46812F90171D8141001DA919 /* ThemeImageView.m in Sources */ = {isa = PBXBuildFile; fileRef = 46812F8B171D8141001DA919 /* ThemeImageView.m */; };
		46812F91171D8141001DA919 /* ThemeMaterial.m in Sources */ = {isa = PBXBuildFile; fileRef = 46812F8D171D8141001DA919 /* ThemeMaterial.m */; };
		46812F92171D8141001DA919 /* ThemeScrollView.m in Sources */ = {isa = PBXBuildFile; fileRef = 46812F8F171D8141001DA919 /* ThemeScrollView.m */; };
		46812FAD171D83C8001DA919 /* free_1Direction_frame.png in Resources */ = {isa = PBXBuildFile; fileRef = 46812F95171D83C8001DA919 /* free_1Direction_frame.png */; };
		46812FAE171D83C8001DA919 /* free_1Direction_thumb.png in Resources */ = {isa = PBXBuildFile; fileRef = 46812F96171D83C8001DA919 /* free_1Direction_thumb.png */; };
		46812FAF171D83C8001DA919 /* free_belieber_frame.png in Resources */ = {isa = PBXBuildFile; fileRef = 46812F97171D83C8001DA919 /* free_belieber_frame.png */; };
		46812FB0171D83C8001DA919 /* free_belieber_thumb.png in Resources */ = {isa = PBXBuildFile; fileRef = 46812F98171D83C8001DA919 /* free_belieber_thumb.png */; };
		46812FB1171D83C8001DA919 /* free_burst_frame.png in Resources */ = {isa = PBXBuildFile; fileRef = 46812F99171D83C8001DA919 /* free_burst_frame.png */; };
		46812FB2171D83C8001DA919 /* free_burst_thumb.png in Resources */ = {isa = PBXBuildFile; fileRef = 46812F9A171D83C8001DA919 /* free_burst_thumb.png */; };
		46812FB3171D83C8001DA919 /* free_desk_frame.png in Resources */ = {isa = PBXBuildFile; fileRef = 46812F9B171D83C8001DA919 /* free_desk_frame.png */; };
		46812FB4171D83C8001DA919 /* free_desk_thumb.png in Resources */ = {isa = PBXBuildFile; fileRef = 46812F9C171D83C8001DA919 /* free_desk_thumb.png */; };
		46812FB5171D83C8001DA919 /* free_doodle_frame.png in Resources */ = {isa = PBXBuildFile; fileRef = 46812F9D171D83C8001DA919 /* free_doodle_frame.png */; };
		46812FB6171D83C9001DA919 /* free_doodle_thumb.png in Resources */ = {isa = PBXBuildFile; fileRef = 46812F9E171D83C8001DA919 /* free_doodle_thumb.png */; };
		46812FB7171D83C9001DA919 /* free_drawn_frame.png in Resources */ = {isa = PBXBuildFile; fileRef = 46812F9F171D83C8001DA919 /* free_drawn_frame.png */; };
		46812FB8171D83C9001DA919 /* free_drawn_thumb.png in Resources */ = {isa = PBXBuildFile; fileRef = 46812FA0171D83C8001DA919 /* free_drawn_thumb.png */; };
		46812FB9171D83C9001DA919 /* free_gaga_frame.png in Resources */ = {isa = PBXBuildFile; fileRef = 46812FA1171D83C8001DA919 /* free_gaga_frame.png */; };
		46812FBA171D83C9001DA919 /* free_gaga_thumb.png in Resources */ = {isa = PBXBuildFile; fileRef = 46812FA2171D83C8001DA919 /* free_gaga_thumb.png */; };
		46812FBB171D83C9001DA919 /* free_hottie_frame.png in Resources */ = {isa = PBXBuildFile; fileRef = 46812FA3171D83C8001DA919 /* free_hottie_frame.png */; };
		46812FBC171D83C9001DA919 /* free_hottie_thumb.png in Resources */ = {isa = PBXBuildFile; fileRef = 46812FA4171D83C8001DA919 /* free_hottie_thumb.png */; };
		46812FBD171D83C9001DA919 /* free_sari_frame.png in Resources */ = {isa = PBXBuildFile; fileRef = 46812FA5171D83C8001DA919 /* free_sari_frame.png */; };
		46812FBE171D83C9001DA919 /* free_sari_thumb.png in Resources */ = {isa = PBXBuildFile; fileRef = 46812FA6171D83C8001DA919 /* free_sari_thumb.png */; };
		46812FBF171D83C9001DA919 /* free_scrapbook_frame.png in Resources */ = {isa = PBXBuildFile; fileRef = 46812FA7171D83C8001DA919 /* free_scrapbook_frame.png */; };
		46812FC0171D83C9001DA919 /* free_scrapbook_thumb.png in Resources */ = {isa = PBXBuildFile; fileRef = 46812FA8171D83C8001DA919 /* free_scrapbook_thumb.png */; };
		46812FC1171D83C9001DA919 /* free_swifty_frame.png in Resources */ = {isa = PBXBuildFile; fileRef = 46812FA9171D83C8001DA919 /* free_swifty_frame.png */; };
		46812FC2171D83C9001DA919 /* free_swifty_thumb.png in Resources */ = {isa = PBXBuildFile; fileRef = 46812FAA171D83C8001DA919 /* free_swifty_thumb.png */; };
		46812FC3171D83C9001DA919 /* free_swirls_frame.png in Resources */ = {isa = PBXBuildFile; fileRef = 46812FAB171D83C8001DA919 /* free_swirls_frame.png */; };
		46812FC4171D83C9001DA919 /* free_swirls_thumb.png in Resources */ = {isa = PBXBuildFile; fileRef = 46812FAC171D83C8001DA919 /* free_swirls_thumb.png */; };
		46812FC6171D83F1001DA919 /* Frames.plist in Resources */ = {isa = PBXBuildFile; fileRef = 46812FC5171D83F1001DA919 /* Frames.plist */; };
		46823EA3171AACF4001D0C97 /* bkgShim.png in Resources */ = {isa = PBXBuildFile; fileRef = 46823E8A171AACF4001D0C97 /* bkgShim.png */; };
		46823EA4171AACF4001D0C97 /* blank_frame.png in Resources */ = {isa = PBXBuildFile; fileRef = 46823E8B171AACF4001D0C97 /* blank_frame.png */; };
		46823EA5171AACF4001D0C97 /* btn_camera_down@2x.png in Resources */ = {isa = PBXBuildFile; fileRef = 46823E8C171AACF4001D0C97 /* btn_camera_down@2x.png */; };
		46823EA6171AACF4001D0C97 /* btn_camera_up@2x.png in Resources */ = {isa = PBXBuildFile; fileRef = 46823E8D171AACF4001D0C97 /* btn_camera_up@2x.png */; };
		46823EA7171AACF4001D0C97 /* btn_done_down.png in Resources */ = {isa = PBXBuildFile; fileRef = 46823E8E171AACF4001D0C97 /* btn_done_down.png */; };
		46823EA8171AACF4001D0C97 /* btn_done_up.png in Resources */ = {isa = PBXBuildFile; fileRef = 46823E8F171AACF4001D0C97 /* btn_done_up.png */; };
		46823EA9171AACF4001D0C97 /* cameraRoll_down@2x.png in Resources */ = {isa = PBXBuildFile; fileRef = 46823E90171AACF4001D0C97 /* cameraRoll_down@2x.png */; };
		46823EAA171AACF4001D0C97 /* cameraRoll_up@2x.png in Resources */ = {isa = PBXBuildFile; fileRef = 46823E91171AACF4001D0C97 /* cameraRoll_up@2x.png */; };
		46823EAB171AACF4001D0C97 /* cancel_down@2x.png in Resources */ = {isa = PBXBuildFile; fileRef = 46823E92171AACF4001D0C97 /* cancel_down@2x.png */; };
		46823EAC171AACF4001D0C97 /* cancel_up@2x.png in Resources */ = {isa = PBXBuildFile; fileRef = 46823E93171AACF4001D0C97 /* cancel_up@2x.png */; };
		46823EAD171AACF4001D0C97 /* continue_down@2x.png in Resources */ = {isa = PBXBuildFile; fileRef = 46823E94171AACF4001D0C97 /* continue_down@2x.png */; };
		46823EAE171AACF4001D0C97 /* continue_up@2x.png in Resources */ = {isa = PBXBuildFile; fileRef = 46823E95171AACF4001D0C97 /* continue_up@2x.png */; };
		46823EAF171AACF4001D0C97 /* Default.png in Resources */ = {isa = PBXBuildFile; fileRef = 46823E96171AACF4001D0C97 /* Default.png */; };
		46823EB0171AACF4001D0C97 /* drawerClose_down@2x.png in Resources */ = {isa = PBXBuildFile; fileRef = 46823E97171AACF4001D0C97 /* drawerClose_down@2x.png */; };
		46823EB1171AACF4001D0C97 /* drawerClose_up@2x.png in Resources */ = {isa = PBXBuildFile; fileRef = 46823E98171AACF4001D0C97 /* drawerClose_up@2x.png */; };
		46823EB2171AACF4001D0C97 /* drawerOpen_down@2x.png in Resources */ = {isa = PBXBuildFile; fileRef = 46823E99171AACF4001D0C97 /* drawerOpen_down@2x.png */; };
		46823EB3171AACF4001D0C97 /* drawerOpen_up@2x.png in Resources */ = {isa = PBXBuildFile; fileRef = 46823E9A171AACF4001D0C97 /* drawerOpen_up@2x.png */; };
		46823EB6171AACF4001D0C97 /* saveCameraRoll_disabled@2x.png in Resources */ = {isa = PBXBuildFile; fileRef = 46823E9D171AACF4001D0C97 /* saveCameraRoll_disabled@2x.png */; };
		46823EB7171AACF4001D0C97 /* saveCameraRoll_down@2x.png in Resources */ = {isa = PBXBuildFile; fileRef = 46823E9E171AACF4001D0C97 /* saveCameraRoll_down@2x.png */; };
		46823EB8171AACF4001D0C97 /* saveCameraRoll_up@2x.png in Resources */ = {isa = PBXBuildFile; fileRef = 46823E9F171AACF4001D0C97 /* saveCameraRoll_up@2x.png */; };
		46823EB9171AACF4001D0C97 /* saved@2x.png in Resources */ = {isa = PBXBuildFile; fileRef = 46823EA0171AACF4001D0C97 /* saved@2x.png */; };
		46823EBA171AACF4001D0C97 /* selected.png in Resources */ = {isa = PBXBuildFile; fileRef = 46823EA1171AACF4001D0C97 /* selected.png */; };
		46823EBB171AACF4001D0C97 /* toolbar_bkg@2x.png in Resources */ = {isa = PBXBuildFile; fileRef = 46823EA2171AACF4001D0C97 /* toolbar_bkg@2x.png */; };
		46823EBD171AAE17001D0C97 /* toolbar_bkg.png in Resources */ = {isa = PBXBuildFile; fileRef = 46823EBC171AAE16001D0C97 /* toolbar_bkg.png */; };
		46823EC0171AAEB4001D0C97 /* btn_camera_up.png in Resources */ = {isa = PBXBuildFile; fileRef = 46823EBE171AAEB4001D0C97 /* btn_camera_up.png */; };
		46823EC1171AAEB4001D0C97 /* btn_camera_down.png in Resources */ = {isa = PBXBuildFile; fileRef = 46823EBF171AAEB4001D0C97 /* btn_camera_down.png */; };
		46823EC8171AB061001D0C97 /* drawerOpen_up.png in Resources */ = {isa = PBXBuildFile; fileRef = 46823EC2171AB05E001D0C97 /* drawerOpen_up.png */; };
		46823EC9171AB061001D0C97 /* drawerOpen_down.png in Resources */ = {isa = PBXBuildFile; fileRef = 46823EC3171AB05F001D0C97 /* drawerOpen_down.png */; };
		46823ECA171AB061001D0C97 /* drawerClose_up.png in Resources */ = {isa = PBXBuildFile; fileRef = 46823EC4171AB05F001D0C97 /* drawerClose_up.png */; };
		46823ECB171AB061001D0C97 /* drawerClose_down.png in Resources */ = {isa = PBXBuildFile; fileRef = 46823EC5171AB060001D0C97 /* drawerClose_down.png */; };
		46823ECC171AB061001D0C97 /* cameraRoll_up.png in Resources */ = {isa = PBXBuildFile; fileRef = 46823EC6171AB061001D0C97 /* cameraRoll_up.png */; };
		46823ECD171AB061001D0C97 /* cameraRoll_down.png in Resources */ = {isa = PBXBuildFile; fileRef = 46823EC7171AB061001D0C97 /* cameraRoll_down.png */; };
		46823ED4171AB2B9001D0C97 /* flash-auto.png in Resources */ = {isa = PBXBuildFile; fileRef = 46823ECE171AB2B6001D0C97 /* flash-auto.png */; };
		46823ED5171AB2B9001D0C97 /* flash-auto@2x.png in Resources */ = {isa = PBXBuildFile; fileRef = 46823ECF171AB2B6001D0C97 /* flash-auto@2x.png */; };
		46823ED6171AB2B9001D0C97 /* flash-off.png in Resources */ = {isa = PBXBuildFile; fileRef = 46823ED0171AB2B7001D0C97 /* flash-off.png */; };
		46823ED7171AB2B9001D0C97 /* flash-off@2x.png in Resources */ = {isa = PBXBuildFile; fileRef = 46823ED1171AB2B7001D0C97 /* flash-off@2x.png */; };
		46823ED8171AB2B9001D0C97 /* flash-on.png in Resources */ = {isa = PBXBuildFile; fileRef = 46823ED2171AB2B8001D0C97 /* flash-on.png */; };
		46823ED9171AB2B9001D0C97 /* flash-on@2x.png in Resources */ = {isa = PBXBuildFile; fileRef = 46823ED3171AB2B8001D0C97 /* flash-on@2x.png */; };
		46823EE2171AB38D001D0C97 /* capture-flash-pressed.png in Resources */ = {isa = PBXBuildFile; fileRef = 46823EDA171AB319001D0C97 /* capture-flash-pressed.png */; };
		46823EE3171AB38D001D0C97 /* capture-flash-pressed@2x.png in Resources */ = {isa = PBXBuildFile; fileRef = 46823EDB171AB31B001D0C97 /* capture-flash-pressed@2x.png */; };
		46823EE4171AB38D001D0C97 /* capture-flash.png in Resources */ = {isa = PBXBuildFile; fileRef = 46823EDC171AB322001D0C97 /* capture-flash.png */; };
		46823EE5171AB38D001D0C97 /* capture-flash@2x.png in Resources */ = {isa = PBXBuildFile; fileRef = 46823EDD171AB32D001D0C97 /* capture-flash@2x.png */; };
		46823EE6171AB38D001D0C97 /* capture-flip-pressed.png in Resources */ = {isa = PBXBuildFile; fileRef = 46823EDE171AB33D001D0C97 /* capture-flip-pressed.png */; };
		46823EE7171AB38D001D0C97 /* capture-flip-pressed@2x.png in Resources */ = {isa = PBXBuildFile; fileRef = 46823EDF171AB34E001D0C97 /* capture-flip-pressed@2x.png */; };
		46823EE8171AB38D001D0C97 /* capture-flip.png in Resources */ = {isa = PBXBuildFile; fileRef = 46823EE0171AB361001D0C97 /* capture-flip.png */; };
		46823EE9171AB38D001D0C97 /* capture-flip@2x.png in Resources */ = {isa = PBXBuildFile; fileRef = 46823EE1171AB375001D0C97 /* capture-flip@2x.png */; };
		5F5B3C841712F3E400845C43 /* UIKit.framework in Frameworks */ = {isa = PBXBuildFile; fileRef = 5F5B3C831712F3E400845C43 /* UIKit.framework */; };
		5F5B3C861712F3E400845C43 /* Foundation.framework in Frameworks */ = {isa = PBXBuildFile; fileRef = 5F5B3C851712F3E400845C43 /* Foundation.framework */; };
		5F5B3C881712F3E400845C43 /* CoreGraphics.framework in Frameworks */ = {isa = PBXBuildFile; fileRef = 5F5B3C871712F3E400845C43 /* CoreGraphics.framework */; };
		5F5B3C8E1712F3E400845C43 /* InfoPlist.strings in Resources */ = {isa = PBXBuildFile; fileRef = 5F5B3C8C1712F3E400845C43 /* InfoPlist.strings */; };
		5F5B3C901712F3E400845C43 /* main.m in Sources */ = {isa = PBXBuildFile; fileRef = 5F5B3C8F1712F3E400845C43 /* main.m */; };
		5F5B3C941712F3E400845C43 /* AppDelegate.m in Sources */ = {isa = PBXBuildFile; fileRef = 5F5B3C931712F3E400845C43 /* AppDelegate.m */; };
		5F5B3C961712F3E400845C43 /* Default.png in Resources */ = {isa = PBXBuildFile; fileRef = 5F5B3C951712F3E400845C43 /* Default.png */; };
		5F5B3C981712F3E400845C43 /* Default@2x.png in Resources */ = {isa = PBXBuildFile; fileRef = 5F5B3C971712F3E400845C43 /* Default@2x.png */; };
		5F5B3C9A1712F3E400845C43 /* Default-568h@2x.png in Resources */ = {isa = PBXBuildFile; fileRef = 5F5B3C991712F3E400845C43 /* Default-568h@2x.png */; };
		5F5B3C9D1712F3E400845C43 /* HomeViewController.m in Sources */ = {isa = PBXBuildFile; fileRef = 5F5B3C9C1712F3E400845C43 /* HomeViewController.m */; };
		5F5B3CA01712F3E400845C43 /* HomeViewController.xib in Resources */ = {isa = PBXBuildFile; fileRef = 5F5B3C9E1712F3E400845C43 /* HomeViewController.xib */; };
		5F5B3CAB1712F6F000845C43 /* TakePhotoViewController.m in Sources */ = {isa = PBXBuildFile; fileRef = 5F5B3CA91712F6F000845C43 /* TakePhotoViewController.m */; };
		5F5B3CAC1712F6F000845C43 /* TakePhotoViewController.xib in Resources */ = {isa = PBXBuildFile; fileRef = 5F5B3CAA1712F6F000845C43 /* TakePhotoViewController.xib */; };
		5F5B3CB01712F70C00845C43 /* TakeVideoViewController.m in Sources */ = {isa = PBXBuildFile; fileRef = 5F5B3CAE1712F70C00845C43 /* TakeVideoViewController.m */; };
		5F5B3CB11712F70C00845C43 /* TakeVideoViewController.xib in Resources */ = {isa = PBXBuildFile; fileRef = 5F5B3CAF1712F70C00845C43 /* TakeVideoViewController.xib */; };
		5F5B3CB31712F96C00845C43 /* AVFoundation.framework in Frameworks */ = {isa = PBXBuildFile; fileRef = 5F5B3CB21712F96C00845C43 /* AVFoundation.framework */; };
		5F5B3CB51712F97300845C43 /* QuartzCore.framework in Frameworks */ = {isa = PBXBuildFile; fileRef = 5F5B3CB41712F97200845C43 /* QuartzCore.framework */; };
		5F5B3CB71712F98B00845C43 /* CoreImage.framework in Frameworks */ = {isa = PBXBuildFile; fileRef = 5F5B3CB61712F98B00845C43 /* CoreImage.framework */; };
		5F5B3CBA1713006C00845C43 /* CameraUtilities.m in Sources */ = {isa = PBXBuildFile; fileRef = 5F5B3CB91713006C00845C43 /* CameraUtilities.m */; };
		5F5B3CBD1713043C00845C43 /* CameraCaptureManager.m in Sources */ = {isa = PBXBuildFile; fileRef = 5F5B3CBC1713043B00845C43 /* CameraCaptureManager.m */; };
		5F5B3CC0171304AC00845C43 /* CameraRecorder.m in Sources */ = {isa = PBXBuildFile; fileRef = 5F5B3CBF171304AC00845C43 /* CameraRecorder.m */; };
/* End PBXBuildFile section */

/* Begin PBXFileReference section */
		460AC277171960F80008D16C /* ImageIO.framework */ = {isa = PBXFileReference; lastKnownFileType = wrapper.framework; name = ImageIO.framework; path = System/Library/Frameworks/ImageIO.framework; sourceTree = SDKROOT; };
		460AC279171961000008D16C /* AssetsLibrary.framework */ = {isa = PBXFileReference; lastKnownFileType = wrapper.framework; name = AssetsLibrary.framework; path = System/Library/Frameworks/AssetsLibrary.framework; sourceTree = SDKROOT; };
		460AC27B1719610D0008D16C /* MobileCoreServices.framework */ = {isa = PBXFileReference; lastKnownFileType = wrapper.framework; name = MobileCoreServices.framework; path = System/Library/Frameworks/MobileCoreServices.framework; sourceTree = SDKROOT; };
		46812F8A171D8141001DA919 /* ThemeImageView.h */ = {isa = PBXFileReference; fileEncoding = 4; lastKnownFileType = sourcecode.c.h; path = ThemeImageView.h; sourceTree = "<group>"; };
		46812F8B171D8141001DA919 /* ThemeImageView.m */ = {isa = PBXFileReference; fileEncoding = 4; lastKnownFileType = sourcecode.c.objc; path = ThemeImageView.m; sourceTree = "<group>"; };
		46812F8C171D8141001DA919 /* ThemeMaterial.h */ = {isa = PBXFileReference; fileEncoding = 4; lastKnownFileType = sourcecode.c.h; path = ThemeMaterial.h; sourceTree = "<group>"; };
		46812F8D171D8141001DA919 /* ThemeMaterial.m */ = {isa = PBXFileReference; fileEncoding = 4; lastKnownFileType = sourcecode.c.objc; path = ThemeMaterial.m; sourceTree = "<group>"; };
		46812F8E171D8141001DA919 /* ThemeScrollView.h */ = {isa = PBXFileReference; fileEncoding = 4; lastKnownFileType = sourcecode.c.h; path = ThemeScrollView.h; sourceTree = "<group>"; };
		46812F8F171D8141001DA919 /* ThemeScrollView.m */ = {isa = PBXFileReference; fileEncoding = 4; lastKnownFileType = sourcecode.c.objc; path = ThemeScrollView.m; sourceTree = "<group>"; };
		46812F95171D83C8001DA919 /* free_1Direction_frame.png */ = {isa = PBXFileReference; lastKnownFileType = image.png; path = free_1Direction_frame.png; sourceTree = "<group>"; };
		46812F96171D83C8001DA919 /* free_1Direction_thumb.png */ = {isa = PBXFileReference; lastKnownFileType = image.png; path = free_1Direction_thumb.png; sourceTree = "<group>"; };
		46812F97171D83C8001DA919 /* free_belieber_frame.png */ = {isa = PBXFileReference; lastKnownFileType = image.png; path = free_belieber_frame.png; sourceTree = "<group>"; };
		46812F98171D83C8001DA919 /* free_belieber_thumb.png */ = {isa = PBXFileReference; lastKnownFileType = image.png; path = free_belieber_thumb.png; sourceTree = "<group>"; };
		46812F99171D83C8001DA919 /* free_burst_frame.png */ = {isa = PBXFileReference; lastKnownFileType = image.png; path = free_burst_frame.png; sourceTree = "<group>"; };
		46812F9A171D83C8001DA919 /* free_burst_thumb.png */ = {isa = PBXFileReference; lastKnownFileType = image.png; path = free_burst_thumb.png; sourceTree = "<group>"; };
		46812F9B171D83C8001DA919 /* free_desk_frame.png */ = {isa = PBXFileReference; lastKnownFileType = image.png; path = free_desk_frame.png; sourceTree = "<group>"; };
		46812F9C171D83C8001DA919 /* free_desk_thumb.png */ = {isa = PBXFileReference; lastKnownFileType = image.png; path = free_desk_thumb.png; sourceTree = "<group>"; };
		46812F9D171D83C8001DA919 /* free_doodle_frame.png */ = {isa = PBXFileReference; lastKnownFileType = image.png; path = free_doodle_frame.png; sourceTree = "<group>"; };
		46812F9E171D83C8001DA919 /* free_doodle_thumb.png */ = {isa = PBXFileReference; lastKnownFileType = image.png; path = free_doodle_thumb.png; sourceTree = "<group>"; };
		46812F9F171D83C8001DA919 /* free_drawn_frame.png */ = {isa = PBXFileReference; lastKnownFileType = image.png; path = free_drawn_frame.png; sourceTree = "<group>"; };
		46812FA0171D83C8001DA919 /* free_drawn_thumb.png */ = {isa = PBXFileReference; lastKnownFileType = image.png; path = free_drawn_thumb.png; sourceTree = "<group>"; };
		46812FA1171D83C8001DA919 /* free_gaga_frame.png */ = {isa = PBXFileReference; lastKnownFileType = image.png; path = free_gaga_frame.png; sourceTree = "<group>"; };
		46812FA2171D83C8001DA919 /* free_gaga_thumb.png */ = {isa = PBXFileReference; lastKnownFileType = image.png; path = free_gaga_thumb.png; sourceTree = "<group>"; };
		46812FA3171D83C8001DA919 /* free_hottie_frame.png */ = {isa = PBXFileReference; lastKnownFileType = image.png; path = free_hottie_frame.png; sourceTree = "<group>"; };
		46812FA4171D83C8001DA919 /* free_hottie_thumb.png */ = {isa = PBXFileReference; lastKnownFileType = image.png; path = free_hottie_thumb.png; sourceTree = "<group>"; };
		46812FA5171D83C8001DA919 /* free_sari_frame.png */ = {isa = PBXFileReference; lastKnownFileType = image.png; path = free_sari_frame.png; sourceTree = "<group>"; };
		46812FA6171D83C8001DA919 /* free_sari_thumb.png */ = {isa = PBXFileReference; lastKnownFileType = image.png; path = free_sari_thumb.png; sourceTree = "<group>"; };
		46812FA7171D83C8001DA919 /* free_scrapbook_frame.png */ = {isa = PBXFileReference; lastKnownFileType = image.png; path = free_scrapbook_frame.png; sourceTree = "<group>"; };
		46812FA8171D83C8001DA919 /* free_scrapbook_thumb.png */ = {isa = PBXFileReference; lastKnownFileType = image.png; path = free_scrapbook_thumb.png; sourceTree = "<group>"; };
		46812FA9171D83C8001DA919 /* free_swifty_frame.png */ = {isa = PBXFileReference; lastKnownFileType = image.png; path = free_swifty_frame.png; sourceTree = "<group>"; };
		46812FAA171D83C8001DA919 /* free_swifty_thumb.png */ = {isa = PBXFileReference; lastKnownFileType = image.png; path = free_swifty_thumb.png; sourceTree = "<group>"; };
		46812FAB171D83C8001DA919 /* free_swirls_frame.png */ = {isa = PBXFileReference; lastKnownFileType = image.png; path = free_swirls_frame.png; sourceTree = "<group>"; };
		46812FAC171D83C8001DA919 /* free_swirls_thumb.png */ = {isa = PBXFileReference; lastKnownFileType = image.png; path = free_swirls_thumb.png; sourceTree = "<group>"; };
		46812FC5171D83F1001DA919 /* Frames.plist */ = {isa = PBXFileReference; fileEncoding = 4; lastKnownFileType = text.plist.xml; path = Frames.plist; sourceTree = "<group>"; };
		46823E8A171AACF4001D0C97 /* bkgShim.png */ = {isa = PBXFileReference; lastKnownFileType = image.png; path = bkgShim.png; sourceTree = "<group>"; };
		46823E8B171AACF4001D0C97 /* blank_frame.png */ = {isa = PBXFileReference; lastKnownFileType = image.png; path = blank_frame.png; sourceTree = "<group>"; };
		46823E8C171AACF4001D0C97 /* btn_camera_down@2x.png */ = {isa = PBXFileReference; lastKnownFileType = image.png; path = "btn_camera_down@2x.png"; sourceTree = "<group>"; };
		46823E8D171AACF4001D0C97 /* btn_camera_up@2x.png */ = {isa = PBXFileReference; lastKnownFileType = image.png; path = "btn_camera_up@2x.png"; sourceTree = "<group>"; };
		46823E8E171AACF4001D0C97 /* btn_done_down.png */ = {isa = PBXFileReference; lastKnownFileType = image.png; path = btn_done_down.png; sourceTree = "<group>"; };
		46823E8F171AACF4001D0C97 /* btn_done_up.png */ = {isa = PBXFileReference; lastKnownFileType = image.png; path = btn_done_up.png; sourceTree = "<group>"; };
		46823E90171AACF4001D0C97 /* cameraRoll_down@2x.png */ = {isa = PBXFileReference; lastKnownFileType = image.png; path = "cameraRoll_down@2x.png"; sourceTree = "<group>"; };
		46823E91171AACF4001D0C97 /* cameraRoll_up@2x.png */ = {isa = PBXFileReference; lastKnownFileType = image.png; path = "cameraRoll_up@2x.png"; sourceTree = "<group>"; };
		46823E92171AACF4001D0C97 /* cancel_down@2x.png */ = {isa = PBXFileReference; lastKnownFileType = image.png; path = "cancel_down@2x.png"; sourceTree = "<group>"; };
		46823E93171AACF4001D0C97 /* cancel_up@2x.png */ = {isa = PBXFileReference; lastKnownFileType = image.png; path = "cancel_up@2x.png"; sourceTree = "<group>"; };
		46823E94171AACF4001D0C97 /* continue_down@2x.png */ = {isa = PBXFileReference; lastKnownFileType = image.png; path = "continue_down@2x.png"; sourceTree = "<group>"; };
		46823E95171AACF4001D0C97 /* continue_up@2x.png */ = {isa = PBXFileReference; lastKnownFileType = image.png; path = "continue_up@2x.png"; sourceTree = "<group>"; };
		46823E96171AACF4001D0C97 /* Default.png */ = {isa = PBXFileReference; lastKnownFileType = image.png; path = Default.png; sourceTree = "<group>"; };
		46823E97171AACF4001D0C97 /* drawerClose_down@2x.png */ = {isa = PBXFileReference; lastKnownFileType = image.png; path = "drawerClose_down@2x.png"; sourceTree = "<group>"; };
		46823E98171AACF4001D0C97 /* drawerClose_up@2x.png */ = {isa = PBXFileReference; lastKnownFileType = image.png; path = "drawerClose_up@2x.png"; sourceTree = "<group>"; };
		46823E99171AACF4001D0C97 /* drawerOpen_down@2x.png */ = {isa = PBXFileReference; lastKnownFileType = image.png; path = "drawerOpen_down@2x.png"; sourceTree = "<group>"; };
		46823E9A171AACF4001D0C97 /* drawerOpen_up@2x.png */ = {isa = PBXFileReference; lastKnownFileType = image.png; path = "drawerOpen_up@2x.png"; sourceTree = "<group>"; };
		46823E9D171AACF4001D0C97 /* saveCameraRoll_disabled@2x.png */ = {isa = PBXFileReference; lastKnownFileType = image.png; path = "saveCameraRoll_disabled@2x.png"; sourceTree = "<group>"; };
		46823E9E171AACF4001D0C97 /* saveCameraRoll_down@2x.png */ = {isa = PBXFileReference; lastKnownFileType = image.png; path = "saveCameraRoll_down@2x.png"; sourceTree = "<group>"; };
		46823E9F171AACF4001D0C97 /* saveCameraRoll_up@2x.png */ = {isa = PBXFileReference; lastKnownFileType = image.png; path = "saveCameraRoll_up@2x.png"; sourceTree = "<group>"; };
		46823EA0171AACF4001D0C97 /* saved@2x.png */ = {isa = PBXFileReference; lastKnownFileType = image.png; path = "saved@2x.png"; sourceTree = "<group>"; };
		46823EA1171AACF4001D0C97 /* selected.png */ = {isa = PBXFileReference; lastKnownFileType = image.png; path = selected.png; sourceTree = "<group>"; };
		46823EA2171AACF4001D0C97 /* toolbar_bkg@2x.png */ = {isa = PBXFileReference; lastKnownFileType = image.png; path = "toolbar_bkg@2x.png"; sourceTree = "<group>"; };
		46823EBC171AAE16001D0C97 /* toolbar_bkg.png */ = {isa = PBXFileReference; lastKnownFileType = image.png; path = toolbar_bkg.png; sourceTree = "<group>"; };
		46823EBE171AAEB4001D0C97 /* btn_camera_up.png */ = {isa = PBXFileReference; lastKnownFileType = image.png; path = btn_camera_up.png; sourceTree = "<group>"; };
		46823EBF171AAEB4001D0C97 /* btn_camera_down.png */ = {isa = PBXFileReference; lastKnownFileType = image.png; path = btn_camera_down.png; sourceTree = "<group>"; };
		46823EC2171AB05E001D0C97 /* drawerOpen_up.png */ = {isa = PBXFileReference; lastKnownFileType = image.png; path = drawerOpen_up.png; sourceTree = "<group>"; };
		46823EC3171AB05F001D0C97 /* drawerOpen_down.png */ = {isa = PBXFileReference; lastKnownFileType = image.png; path = drawerOpen_down.png; sourceTree = "<group>"; };
		46823EC4171AB05F001D0C97 /* drawerClose_up.png */ = {isa = PBXFileReference; lastKnownFileType = image.png; path = drawerClose_up.png; sourceTree = "<group>"; };
		46823EC5171AB060001D0C97 /* drawerClose_down.png */ = {isa = PBXFileReference; lastKnownFileType = image.png; path = drawerClose_down.png; sourceTree = "<group>"; };
		46823EC6171AB061001D0C97 /* cameraRoll_up.png */ = {isa = PBXFileReference; lastKnownFileType = image.png; path = cameraRoll_up.png; sourceTree = "<group>"; };
		46823EC7171AB061001D0C97 /* cameraRoll_down.png */ = {isa = PBXFileReference; lastKnownFileType = image.png; path = cameraRoll_down.png; sourceTree = "<group>"; };
		46823ECE171AB2B6001D0C97 /* flash-auto.png */ = {isa = PBXFileReference; lastKnownFileType = image.png; path = "flash-auto.png"; sourceTree = "<group>"; };
		46823ECF171AB2B6001D0C97 /* flash-auto@2x.png */ = {isa = PBXFileReference; lastKnownFileType = image.png; path = "flash-auto@2x.png"; sourceTree = "<group>"; };
		46823ED0171AB2B7001D0C97 /* flash-off.png */ = {isa = PBXFileReference; lastKnownFileType = image.png; path = "flash-off.png"; sourceTree = "<group>"; };
		46823ED1171AB2B7001D0C97 /* flash-off@2x.png */ = {isa = PBXFileReference; lastKnownFileType = image.png; path = "flash-off@2x.png"; sourceTree = "<group>"; };
		46823ED2171AB2B8001D0C97 /* flash-on.png */ = {isa = PBXFileReference; lastKnownFileType = image.png; path = "flash-on.png"; sourceTree = "<group>"; };
		46823ED3171AB2B8001D0C97 /* flash-on@2x.png */ = {isa = PBXFileReference; lastKnownFileType = image.png; path = "flash-on@2x.png"; sourceTree = "<group>"; };
		46823EDA171AB319001D0C97 /* capture-flash-pressed.png */ = {isa = PBXFileReference; lastKnownFileType = image.png; path = "capture-flash-pressed.png"; sourceTree = "<group>"; };
		46823EDB171AB31B001D0C97 /* capture-flash-pressed@2x.png */ = {isa = PBXFileReference; lastKnownFileType = image.png; path = "capture-flash-pressed@2x.png"; sourceTree = "<group>"; };
		46823EDC171AB322001D0C97 /* capture-flash.png */ = {isa = PBXFileReference; lastKnownFileType = image.png; path = "capture-flash.png"; sourceTree = "<group>"; };
		46823EDD171AB32D001D0C97 /* capture-flash@2x.png */ = {isa = PBXFileReference; lastKnownFileType = image.png; path = "capture-flash@2x.png"; sourceTree = "<group>"; };
		46823EDE171AB33D001D0C97 /* capture-flip-pressed.png */ = {isa = PBXFileReference; lastKnownFileType = image.png; path = "capture-flip-pressed.png"; sourceTree = "<group>"; };
		46823EDF171AB34E001D0C97 /* capture-flip-pressed@2x.png */ = {isa = PBXFileReference; lastKnownFileType = image.png; path = "capture-flip-pressed@2x.png"; sourceTree = "<group>"; };
		46823EE0171AB361001D0C97 /* capture-flip.png */ = {isa = PBXFileReference; lastKnownFileType = image.png; path = "capture-flip.png"; sourceTree = "<group>"; };
		46823EE1171AB375001D0C97 /* capture-flip@2x.png */ = {isa = PBXFileReference; lastKnownFileType = image.png; path = "capture-flip@2x.png"; sourceTree = "<group>"; };
		5F5B3C801712F3E400845C43 /* Camera.app */ = {isa = PBXFileReference; explicitFileType = wrapper.application; includeInIndex = 0; path = Camera.app; sourceTree = BUILT_PRODUCTS_DIR; };
		5F5B3C831712F3E400845C43 /* UIKit.framework */ = {isa = PBXFileReference; lastKnownFileType = wrapper.framework; name = UIKit.framework; path = System/Library/Frameworks/UIKit.framework; sourceTree = SDKROOT; };
		5F5B3C851712F3E400845C43 /* Foundation.framework */ = {isa = PBXFileReference; lastKnownFileType = wrapper.framework; name = Foundation.framework; path = System/Library/Frameworks/Foundation.framework; sourceTree = SDKROOT; };
		5F5B3C871712F3E400845C43 /* CoreGraphics.framework */ = {isa = PBXFileReference; lastKnownFileType = wrapper.framework; name = CoreGraphics.framework; path = System/Library/Frameworks/CoreGraphics.framework; sourceTree = SDKROOT; };
		5F5B3C8B1712F3E400845C43 /* Camera-Info.plist */ = {isa = PBXFileReference; lastKnownFileType = text.plist.xml; path = "Camera-Info.plist"; sourceTree = "<group>"; };
		5F5B3C8D1712F3E400845C43 /* en */ = {isa = PBXFileReference; lastKnownFileType = text.plist.strings; name = en; path = en.lproj/InfoPlist.strings; sourceTree = "<group>"; };
		5F5B3C8F1712F3E400845C43 /* main.m */ = {isa = PBXFileReference; lastKnownFileType = sourcecode.c.objc; path = main.m; sourceTree = "<group>"; };
		5F5B3C911712F3E400845C43 /* Camera-Prefix.pch */ = {isa = PBXFileReference; lastKnownFileType = sourcecode.c.h; path = "Camera-Prefix.pch"; sourceTree = "<group>"; };
		5F5B3C921712F3E400845C43 /* AppDelegate.h */ = {isa = PBXFileReference; lastKnownFileType = sourcecode.c.h; path = AppDelegate.h; sourceTree = "<group>"; };
		5F5B3C931712F3E400845C43 /* AppDelegate.m */ = {isa = PBXFileReference; lastKnownFileType = sourcecode.c.objc; path = AppDelegate.m; sourceTree = "<group>"; };
		5F5B3C951712F3E400845C43 /* Default.png */ = {isa = PBXFileReference; lastKnownFileType = image.png; path = Default.png; sourceTree = "<group>"; };
		5F5B3C971712F3E400845C43 /* Default@2x.png */ = {isa = PBXFileReference; lastKnownFileType = image.png; path = "Default@2x.png"; sourceTree = "<group>"; };
		5F5B3C991712F3E400845C43 /* Default-568h@2x.png */ = {isa = PBXFileReference; lastKnownFileType = image.png; path = "Default-568h@2x.png"; sourceTree = "<group>"; };
		5F5B3C9B1712F3E400845C43 /* HomeViewController.h */ = {isa = PBXFileReference; lastKnownFileType = sourcecode.c.h; path = HomeViewController.h; sourceTree = "<group>"; };
		5F5B3C9C1712F3E400845C43 /* HomeViewController.m */ = {isa = PBXFileReference; lastKnownFileType = sourcecode.c.objc; path = HomeViewController.m; sourceTree = "<group>"; };
		5F5B3C9F1712F3E400845C43 /* en */ = {isa = PBXFileReference; lastKnownFileType = file.xib; name = en; path = en.lproj/HomeViewController.xib; sourceTree = "<group>"; };
		5F5B3CA81712F6F000845C43 /* TakePhotoViewController.h */ = {isa = PBXFileReference; fileEncoding = 4; lastKnownFileType = sourcecode.c.h; path = TakePhotoViewController.h; sourceTree = "<group>"; };
		5F5B3CA91712F6F000845C43 /* TakePhotoViewController.m */ = {isa = PBXFileReference; fileEncoding = 4; lastKnownFileType = sourcecode.c.objc; path = TakePhotoViewController.m; sourceTree = "<group>"; };
		5F5B3CAA1712F6F000845C43 /* TakePhotoViewController.xib */ = {isa = PBXFileReference; fileEncoding = 4; lastKnownFileType = file.xib; path = TakePhotoViewController.xib; sourceTree = "<group>"; };
		5F5B3CAD1712F70C00845C43 /* TakeVideoViewController.h */ = {isa = PBXFileReference; fileEncoding = 4; lastKnownFileType = sourcecode.c.h; path = TakeVideoViewController.h; sourceTree = "<group>"; };
		5F5B3CAE1712F70C00845C43 /* TakeVideoViewController.m */ = {isa = PBXFileReference; fileEncoding = 4; lastKnownFileType = sourcecode.c.objc; path = TakeVideoViewController.m; sourceTree = "<group>"; };
		5F5B3CAF1712F70C00845C43 /* TakeVideoViewController.xib */ = {isa = PBXFileReference; fileEncoding = 4; lastKnownFileType = file.xib; path = TakeVideoViewController.xib; sourceTree = "<group>"; };
		5F5B3CB21712F96C00845C43 /* AVFoundation.framework */ = {isa = PBXFileReference; lastKnownFileType = wrapper.framework; name = AVFoundation.framework; path = System/Library/Frameworks/AVFoundation.framework; sourceTree = SDKROOT; };
		5F5B3CB41712F97200845C43 /* QuartzCore.framework */ = {isa = PBXFileReference; lastKnownFileType = wrapper.framework; name = QuartzCore.framework; path = System/Library/Frameworks/QuartzCore.framework; sourceTree = SDKROOT; };
		5F5B3CB61712F98B00845C43 /* CoreImage.framework */ = {isa = PBXFileReference; lastKnownFileType = wrapper.framework; name = CoreImage.framework; path = System/Library/Frameworks/CoreImage.framework; sourceTree = SDKROOT; };
		5F5B3CB81713006C00845C43 /* CameraUtilities.h */ = {isa = PBXFileReference; fileEncoding = 4; lastKnownFileType = sourcecode.c.h; path = CameraUtilities.h; sourceTree = "<group>"; };
		5F5B3CB91713006C00845C43 /* CameraUtilities.m */ = {isa = PBXFileReference; fileEncoding = 4; lastKnownFileType = sourcecode.c.objc; path = CameraUtilities.m; sourceTree = "<group>"; };
		5F5B3CBB1713043B00845C43 /* CameraCaptureManager.h */ = {isa = PBXFileReference; fileEncoding = 4; lastKnownFileType = sourcecode.c.h; path = CameraCaptureManager.h; sourceTree = "<group>"; };
		5F5B3CBC1713043B00845C43 /* CameraCaptureManager.m */ = {isa = PBXFileReference; fileEncoding = 4; lastKnownFileType = sourcecode.c.objc; path = CameraCaptureManager.m; sourceTree = "<group>"; };
		5F5B3CBE171304AC00845C43 /* CameraRecorder.h */ = {isa = PBXFileReference; fileEncoding = 4; lastKnownFileType = sourcecode.c.h; path = CameraRecorder.h; sourceTree = "<group>"; };
		5F5B3CBF171304AC00845C43 /* CameraRecorder.m */ = {isa = PBXFileReference; fileEncoding = 4; lastKnownFileType = sourcecode.c.objc; path = CameraRecorder.m; sourceTree = "<group>"; };
/* End PBXFileReference section */

/* Begin PBXFrameworksBuildPhase section */
		5F5B3C7D1712F3E400845C43 /* Frameworks */ = {
			isa = PBXFrameworksBuildPhase;
			buildActionMask = 2147483647;
			files = (
				460AC27C1719610D0008D16C /* MobileCoreServices.framework in Frameworks */,
				460AC27A171961000008D16C /* AssetsLibrary.framework in Frameworks */,
				460AC278171960F80008D16C /* ImageIO.framework in Frameworks */,
				5F5B3CB71712F98B00845C43 /* CoreImage.framework in Frameworks */,
				5F5B3CB51712F97300845C43 /* QuartzCore.framework in Frameworks */,
				5F5B3CB31712F96C00845C43 /* AVFoundation.framework in Frameworks */,
				5F5B3C841712F3E400845C43 /* UIKit.framework in Frameworks */,
				5F5B3C861712F3E400845C43 /* Foundation.framework in Frameworks */,
				5F5B3C881712F3E400845C43 /* CoreGraphics.framework in Frameworks */,
			);
			runOnlyForDeploymentPostprocessing = 0;
		};
/* End PBXFrameworksBuildPhase section */

/* Begin PBXGroup section */
		46812F89171D8141001DA919 /* CustomeView */ = {
			isa = PBXGroup;
			children = (
				46812F8C171D8141001DA919 /* ThemeMaterial.h */,
				46812F8D171D8141001DA919 /* ThemeMaterial.m */,
				46812F8A171D8141001DA919 /* ThemeImageView.h */,
				46812F8B171D8141001DA919 /* ThemeImageView.m */,
				46812F8E171D8141001DA919 /* ThemeScrollView.h */,
				46812F8F171D8141001DA919 /* ThemeScrollView.m */,
			);
			path = CustomeView;
			sourceTree = "<group>";
		};
		46812F93171D83C8001DA919 /* Frames */ = {
			isa = PBXGroup;
			children = (
				46812F94171D83C8001DA919 /* FreeFrame */,
			);
			path = Frames;
			sourceTree = "<group>";
		};
		46812F94171D83C8001DA919 /* FreeFrame */ = {
			isa = PBXGroup;
			children = (
				46812F95171D83C8001DA919 /* free_1Direction_frame.png */,
				46812F96171D83C8001DA919 /* free_1Direction_thumb.png */,
				46812F97171D83C8001DA919 /* free_belieber_frame.png */,
				46812F98171D83C8001DA919 /* free_belieber_thumb.png */,
				46812F99171D83C8001DA919 /* free_burst_frame.png */,
				46812F9A171D83C8001DA919 /* free_burst_thumb.png */,
				46812F9B171D83C8001DA919 /* free_desk_frame.png */,
				46812F9C171D83C8001DA919 /* free_desk_thumb.png */,
				46812F9D171D83C8001DA919 /* free_doodle_frame.png */,
				46812F9E171D83C8001DA919 /* free_doodle_thumb.png */,
				46812F9F171D83C8001DA919 /* free_drawn_frame.png */,
				46812FA0171D83C8001DA919 /* free_drawn_thumb.png */,
				46812FA1171D83C8001DA919 /* free_gaga_frame.png */,
				46812FA2171D83C8001DA919 /* free_gaga_thumb.png */,
				46812FA3171D83C8001DA919 /* free_hottie_frame.png */,
				46812FA4171D83C8001DA919 /* free_hottie_thumb.png */,
				46812FA5171D83C8001DA919 /* free_sari_frame.png */,
				46812FA6171D83C8001DA919 /* free_sari_thumb.png */,
				46812FA7171D83C8001DA919 /* free_scrapbook_frame.png */,
				46812FA8171D83C8001DA919 /* free_scrapbook_thumb.png */,
				46812FA9171D83C8001DA919 /* free_swifty_frame.png */,
				46812FAA171D83C8001DA919 /* free_swifty_thumb.png */,
				46812FAB171D83C8001DA919 /* free_swirls_frame.png */,
				46812FAC171D83C8001DA919 /* free_swirls_thumb.png */,
			);
			path = FreeFrame;
			sourceTree = "<group>";
		};
		46823E88171AACF4001D0C97 /* UIResource */ = {
			isa = PBXGroup;
			children = (
				46812F93171D83C8001DA919 /* Frames */,
				46823E89171AACF4001D0C97 /* TakePhoto */,
			);
			path = UIResource;
			sourceTree = "<group>";
		};
		46823E89171AACF4001D0C97 /* TakePhoto */ = {
			isa = PBXGroup;
			children = (
				46823EDA171AB319001D0C97 /* capture-flash-pressed.png */,
				46823EDB171AB31B001D0C97 /* capture-flash-pressed@2x.png */,
				46823EDC171AB322001D0C97 /* capture-flash.png */,
				46823EDD171AB32D001D0C97 /* capture-flash@2x.png */,
				46823EDE171AB33D001D0C97 /* capture-flip-pressed.png */,
				46823EDF171AB34E001D0C97 /* capture-flip-pressed@2x.png */,
				46823EE0171AB361001D0C97 /* capture-flip.png */,
				46823EE1171AB375001D0C97 /* capture-flip@2x.png */,
				46823ECE171AB2B6001D0C97 /* flash-auto.png */,
				46823ECF171AB2B6001D0C97 /* flash-auto@2x.png */,
				46823ED0171AB2B7001D0C97 /* flash-off.png */,
				46823ED1171AB2B7001D0C97 /* flash-off@2x.png */,
				46823ED2171AB2B8001D0C97 /* flash-on.png */,
				46823ED3171AB2B8001D0C97 /* flash-on@2x.png */,
				46823EC2171AB05E001D0C97 /* drawerOpen_up.png */,
				46823E9A171AACF4001D0C97 /* drawerOpen_up@2x.png */,
				46823EC3171AB05F001D0C97 /* drawerOpen_down.png */,
				46823E99171AACF4001D0C97 /* drawerOpen_down@2x.png */,
				46823EC4171AB05F001D0C97 /* drawerClose_up.png */,
				46823E98171AACF4001D0C97 /* drawerClose_up@2x.png */,
				46823EC5171AB060001D0C97 /* drawerClose_down.png */,
				46823E97171AACF4001D0C97 /* drawerClose_down@2x.png */,
				46823EC6171AB061001D0C97 /* cameraRoll_up.png */,
				46823E91171AACF4001D0C97 /* cameraRoll_up@2x.png */,
				46823EC7171AB061001D0C97 /* cameraRoll_down.png */,
				46823E90171AACF4001D0C97 /* cameraRoll_down@2x.png */,
				46823EBE171AAEB4001D0C97 /* btn_camera_up.png */,
				46823E8D171AACF4001D0C97 /* btn_camera_up@2x.png */,
				46823EBF171AAEB4001D0C97 /* btn_camera_down.png */,
				46823E8C171AACF4001D0C97 /* btn_camera_down@2x.png */,
				46823E8A171AACF4001D0C97 /* bkgShim.png */,
				46823E8B171AACF4001D0C97 /* blank_frame.png */,
				46823E8E171AACF4001D0C97 /* btn_done_down.png */,
				46823E8F171AACF4001D0C97 /* btn_done_up.png */,
				46823E92171AACF4001D0C97 /* cancel_down@2x.png */,
				46823E93171AACF4001D0C97 /* cancel_up@2x.png */,
				46823E94171AACF4001D0C97 /* continue_down@2x.png */,
				46823E95171AACF4001D0C97 /* continue_up@2x.png */,
				46823E96171AACF4001D0C97 /* Default.png */,
				46823E9D171AACF4001D0C97 /* saveCameraRoll_disabled@2x.png */,
				46823E9E171AACF4001D0C97 /* saveCameraRoll_down@2x.png */,
				46823E9F171AACF4001D0C97 /* saveCameraRoll_up@2x.png */,
				46823EA0171AACF4001D0C97 /* saved@2x.png */,
				46823EA1171AACF4001D0C97 /* selected.png */,
				46823EBC171AAE16001D0C97 /* toolbar_bkg.png */,
				46823EA2171AACF4001D0C97 /* toolbar_bkg@2x.png */,
			);
			path = TakePhoto;
			sourceTree = "<group>";
		};
		5F5B3C771712F3E400845C43 = {
			isa = PBXGroup;
			children = (
				5F5B3C891712F3E400845C43 /* Camera */,
				5F5B3C821712F3E400845C43 /* Frameworks */,
				46823E88171AACF4001D0C97 /* UIResource */,
				5F5B3C811712F3E400845C43 /* Products */,
			);
			sourceTree = "<group>";
		};
		5F5B3C811712F3E400845C43 /* Products */ = {
			isa = PBXGroup;
			children = (
				5F5B3C801712F3E400845C43 /* Camera.app */,
			);
			name = Products;
			sourceTree = "<group>";
		};
		5F5B3C821712F3E400845C43 /* Frameworks */ = {
			isa = PBXGroup;
			children = (
				460AC27B1719610D0008D16C /* MobileCoreServices.framework */,
				460AC279171961000008D16C /* AssetsLibrary.framework */,
				460AC277171960F80008D16C /* ImageIO.framework */,
				5F5B3CB61712F98B00845C43 /* CoreImage.framework */,
				5F5B3CB41712F97200845C43 /* QuartzCore.framework */,
				5F5B3CB21712F96C00845C43 /* AVFoundation.framework */,
				5F5B3C831712F3E400845C43 /* UIKit.framework */,
				5F5B3C851712F3E400845C43 /* Foundation.framework */,
				5F5B3C871712F3E400845C43 /* CoreGraphics.framework */,
			);
			name = Frameworks;
			sourceTree = "<group>";
		};
		5F5B3C891712F3E400845C43 /* Camera */ = {
			isa = PBXGroup;
			children = (
				46812F89171D8141001DA919 /* CustomeView */,
				5F5B3CA61712F6AE00845C43 /* TakeVideo */,
				5F5B3CA71712F6AE00845C43 /* TakePhoto */,
				5F5B3C921712F3E400845C43 /* AppDelegate.h */,
				5F5B3C931712F3E400845C43 /* AppDelegate.m */,
				5F5B3C9B1712F3E400845C43 /* HomeViewController.h */,
				5F5B3C9C1712F3E400845C43 /* HomeViewController.m */,
				5F5B3C9E1712F3E400845C43 /* HomeViewController.xib */,
				5F5B3C8A1712F3E400845C43 /* Supporting Files */,
			);
			path = Camera;
			sourceTree = "<group>";
		};
		5F5B3C8A1712F3E400845C43 /* Supporting Files */ = {
			isa = PBXGroup;
			children = (
				5F5B3C8B1712F3E400845C43 /* Camera-Info.plist */,
				5F5B3C8C1712F3E400845C43 /* InfoPlist.strings */,
				5F5B3C8F1712F3E400845C43 /* main.m */,
				5F5B3C911712F3E400845C43 /* Camera-Prefix.pch */,
				5F5B3C951712F3E400845C43 /* Default.png */,
				5F5B3C971712F3E400845C43 /* Default@2x.png */,
				5F5B3C991712F3E400845C43 /* Default-568h@2x.png */,
				46812FC5171D83F1001DA919 /* Frames.plist */,
			);
			name = "Supporting Files";
			sourceTree = "<group>";
		};
		5F5B3CA61712F6AE00845C43 /* TakeVideo */ = {
			isa = PBXGroup;
			children = (
				5F5B3CAD1712F70C00845C43 /* TakeVideoViewController.h */,
				5F5B3CAE1712F70C00845C43 /* TakeVideoViewController.m */,
				5F5B3CAF1712F70C00845C43 /* TakeVideoViewController.xib */,
			);
			path = TakeVideo;
			sourceTree = "<group>";
		};
		5F5B3CA71712F6AE00845C43 /* TakePhoto */ = {
			isa = PBXGroup;
			children = (
				5F5B3CB81713006C00845C43 /* CameraUtilities.h */,
				5F5B3CB91713006C00845C43 /* CameraUtilities.m */,
				5F5B3CBE171304AC00845C43 /* CameraRecorder.h */,
				5F5B3CBF171304AC00845C43 /* CameraRecorder.m */,
				5F5B3CBB1713043B00845C43 /* CameraCaptureManager.h */,
				5F5B3CBC1713043B00845C43 /* CameraCaptureManager.m */,
				5F5B3CA81712F6F000845C43 /* TakePhotoViewController.h */,
				5F5B3CA91712F6F000845C43 /* TakePhotoViewController.m */,
				5F5B3CAA1712F6F000845C43 /* TakePhotoViewController.xib */,
			);
			path = TakePhoto;
			sourceTree = "<group>";
		};
/* End PBXGroup section */

/* Begin PBXNativeTarget section */
		5F5B3C7F1712F3E400845C43 /* Camera */ = {
			isa = PBXNativeTarget;
			buildConfigurationList = 5F5B3CA31712F3E400845C43 /* Build configuration list for PBXNativeTarget "Camera" */;
			buildPhases = (
				5F5B3C7C1712F3E400845C43 /* Sources */,
				5F5B3C7D1712F3E400845C43 /* Frameworks */,
				5F5B3C7E1712F3E400845C43 /* Resources */,
			);
			buildRules = (
			);
			dependencies = (
			);
			name = Camera;
			productName = Camera;
			productReference = 5F5B3C801712F3E400845C43 /* Camera.app */;
			productType = "com.apple.product-type.application";
		};
/* End PBXNativeTarget section */

/* Begin PBXProject section */
		5F5B3C781712F3E400845C43 /* Project object */ = {
			isa = PBXProject;
			attributes = {
				LastUpgradeCheck = 0460;
				ORGANIZATIONNAME = "chen hongbin";
			};
			buildConfigurationList = 5F5B3C7B1712F3E400845C43 /* Build configuration list for PBXProject "Camera" */;
			compatibilityVersion = "Xcode 3.2";
			developmentRegion = English;
			hasScannedForEncodings = 0;
			knownRegions = (
				en,
			);
			mainGroup = 5F5B3C771712F3E400845C43;
			productRefGroup = 5F5B3C811712F3E400845C43 /* Products */;
			projectDirPath = "";
			projectRoot = "";
			targets = (
				5F5B3C7F1712F3E400845C43 /* Camera */,
			);
		};
/* End PBXProject section */

/* Begin PBXResourcesBuildPhase section */
		5F5B3C7E1712F3E400845C43 /* Resources */ = {
			isa = PBXResourcesBuildPhase;
			buildActionMask = 2147483647;
			files = (
				5F5B3C8E1712F3E400845C43 /* InfoPlist.strings in Resources */,
				5F5B3C961712F3E400845C43 /* Default.png in Resources */,
				5F5B3C981712F3E400845C43 /* Default@2x.png in Resources */,
				5F5B3C9A1712F3E400845C43 /* Default-568h@2x.png in Resources */,
				5F5B3CA01712F3E400845C43 /* HomeViewController.xib in Resources */,
				5F5B3CAC1712F6F000845C43 /* TakePhotoViewController.xib in Resources */,
				5F5B3CB11712F70C00845C43 /* TakeVideoViewController.xib in Resources */,
				46823EA3171AACF4001D0C97 /* bkgShim.png in Resources */,
				46823EA4171AACF4001D0C97 /* blank_frame.png in Resources */,
				46823EA5171AACF4001D0C97 /* btn_camera_down@2x.png in Resources */,
				46823EA6171AACF4001D0C97 /* btn_camera_up@2x.png in Resources */,
				46823EA7171AACF4001D0C97 /* btn_done_down.png in Resources */,
				46823EA8171AACF4001D0C97 /* btn_done_up.png in Resources */,
				46823EA9171AACF4001D0C97 /* cameraRoll_down@2x.png in Resources */,
				46823EAA171AACF4001D0C97 /* cameraRoll_up@2x.png in Resources */,
				46823EAB171AACF4001D0C97 /* cancel_down@2x.png in Resources */,
				46823EAC171AACF4001D0C97 /* cancel_up@2x.png in Resources */,
				46823EAD171AACF4001D0C97 /* continue_down@2x.png in Resources */,
				46823EAE171AACF4001D0C97 /* continue_up@2x.png in Resources */,
				46823EAF171AACF4001D0C97 /* Default.png in Resources */,
				46823EB0171AACF4001D0C97 /* drawerClose_down@2x.png in Resources */,
				46823EB1171AACF4001D0C97 /* drawerClose_up@2x.png in Resources */,
				46823EB2171AACF4001D0C97 /* drawerOpen_down@2x.png in Resources */,
				46823EB3171AACF4001D0C97 /* drawerOpen_up@2x.png in Resources */,
				46823EB6171AACF4001D0C97 /* saveCameraRoll_disabled@2x.png in Resources */,
				46823EB7171AACF4001D0C97 /* saveCameraRoll_down@2x.png in Resources */,
				46823EB8171AACF4001D0C97 /* saveCameraRoll_up@2x.png in Resources */,
				46823EB9171AACF4001D0C97 /* saved@2x.png in Resources */,
				46823EBA171AACF4001D0C97 /* selected.png in Resources */,
				46823EBB171AACF4001D0C97 /* toolbar_bkg@2x.png in Resources */,
				46823EBD171AAE17001D0C97 /* toolbar_bkg.png in Resources */,
				46823EC0171AAEB4001D0C97 /* btn_camera_up.png in Resources */,
				46823EC1171AAEB4001D0C97 /* btn_camera_down.png in Resources */,
				46823EC8171AB061001D0C97 /* drawerOpen_up.png in Resources */,
				46823EC9171AB061001D0C97 /* drawerOpen_down.png in Resources */,
				46823ECA171AB061001D0C97 /* drawerClose_up.png in Resources */,
				46823ECB171AB061001D0C97 /* drawerClose_down.png in Resources */,
				46823ECC171AB061001D0C97 /* cameraRoll_up.png in Resources */,
				46823ECD171AB061001D0C97 /* cameraRoll_down.png in Resources */,
				46823ED4171AB2B9001D0C97 /* flash-auto.png in Resources */,
				46823ED5171AB2B9001D0C97 /* flash-auto@2x.png in Resources */,
				46823ED6171AB2B9001D0C97 /* flash-off.png in Resources */,
				46823ED7171AB2B9001D0C97 /* flash-off@2x.png in Resources */,
				46823ED8171AB2B9001D0C97 /* flash-on.png in Resources */,
				46823ED9171AB2B9001D0C97 /* flash-on@2x.png in Resources */,
				46823EE2171AB38D001D0C97 /* capture-flash-pressed.png in Resources */,
				46823EE3171AB38D001D0C97 /* capture-flash-pressed@2x.png in Resources */,
				46823EE4171AB38D001D0C97 /* capture-flash.png in Resources */,
				46823EE5171AB38D001D0C97 /* capture-flash@2x.png in Resources */,
				46823EE6171AB38D001D0C97 /* capture-flip-pressed.png in Resources */,
				46823EE7171AB38D001D0C97 /* capture-flip-pressed@2x.png in Resources */,
				46823EE8171AB38D001D0C97 /* capture-flip.png in Resources */,
				46823EE9171AB38D001D0C97 /* capture-flip@2x.png in Resources */,
				46812FAD171D83C8001DA919 /* free_1Direction_frame.png in Resources */,
				46812FAE171D83C8001DA919 /* free_1Direction_thumb.png in Resources */,
				46812FAF171D83C8001DA919 /* free_belieber_frame.png in Resources */,
				46812FB0171D83C8001DA919 /* free_belieber_thumb.png in Resources */,
				46812FB1171D83C8001DA919 /* free_burst_frame.png in Resources */,
				46812FB2171D83C8001DA919 /* free_burst_thumb.png in Resources */,
				46812FB3171D83C8001DA919 /* free_desk_frame.png in Resources */,
				46812FB4171D83C8001DA919 /* free_desk_thumb.png in Resources */,
				46812FB5171D83C8001DA919 /* free_doodle_frame.png in Resources */,
				46812FB6171D83C9001DA919 /* free_doodle_thumb.png in Resources */,
				46812FB7171D83C9001DA919 /* free_drawn_frame.png in Resources */,
				46812FB8171D83C9001DA919 /* free_drawn_thumb.png in Resources */,
				46812FB9171D83C9001DA919 /* free_gaga_frame.png in Resources */,
				46812FBA171D83C9001DA919 /* free_gaga_thumb.png in Resources */,
				46812FBB171D83C9001DA919 /* free_hottie_frame.png in Resources */,
				46812FBC171D83C9001DA919 /* free_hottie_thumb.png in Resources */,
				46812FBD171D83C9001DA919 /* free_sari_frame.png in Resources */,
				46812FBE171D83C9001DA919 /* free_sari_thumb.png in Resources */,
				46812FBF171D83C9001DA919 /* free_scrapbook_frame.png in Resources */,
				46812FC0171D83C9001DA919 /* free_scrapbook_thumb.png in Resources */,
				46812FC1171D83C9001DA919 /* free_swifty_frame.png in Resources */,
				46812FC2171D83C9001DA919 /* free_swifty_thumb.png in Resources */,
				46812FC3171D83C9001DA919 /* free_swirls_frame.png in Resources */,
				46812FC4171D83C9001DA919 /* free_swirls_thumb.png in Resources */,
				46812FC6171D83F1001DA919 /* Frames.plist in Resources */,
			);
			runOnlyForDeploymentPostprocessing = 0;
		};
/* End PBXResourcesBuildPhase section */

/* Begin PBXSourcesBuildPhase section */
		5F5B3C7C1712F3E400845C43 /* Sources */ = {
			isa = PBXSourcesBuildPhase;
			buildActionMask = 2147483647;
			files = (
				5F5B3C901712F3E400845C43 /* main.m in Sources */,
				5F5B3C941712F3E400845C43 /* AppDelegate.m in Sources */,
				5F5B3C9D1712F3E400845C43 /* HomeViewController.m in Sources */,
				5F5B3CAB1712F6F000845C43 /* TakePhotoViewController.m in Sources */,
				5F5B3CB01712F70C00845C43 /* TakeVideoViewController.m in Sources */,
				5F5B3CBA1713006C00845C43 /* CameraUtilities.m in Sources */,
				5F5B3CBD1713043C00845C43 /* CameraCaptureManager.m in Sources */,
				5F5B3CC0171304AC00845C43 /* CameraRecorder.m in Sources */,
				46812F90171D8141001DA919 /* ThemeImageView.m in Sources */,
				46812F91171D8141001DA919 /* ThemeMaterial.m in Sources */,
				46812F92171D8141001DA919 /* ThemeScrollView.m in Sources */,
			);
			runOnlyForDeploymentPostprocessing = 0;
		};
/* End PBXSourcesBuildPhase section */

/* Begin PBXVariantGroup section */
		5F5B3C8C1712F3E400845C43 /* InfoPlist.strings */ = {
			isa = PBXVariantGroup;
			children = (
				5F5B3C8D1712F3E400845C43 /* en */,
			);
			name = InfoPlist.strings;
			sourceTree = "<group>";
		};
		5F5B3C9E1712F3E400845C43 /* HomeViewController.xib */ = {
			isa = PBXVariantGroup;
			children = (
				5F5B3C9F1712F3E400845C43 /* en */,
			);
			name = HomeViewController.xib;
			sourceTree = "<group>";
		};
/* End PBXVariantGroup section */

/* Begin XCBuildConfiguration section */
		5F5B3CA11712F3E400845C43 /* Debug */ = {
			isa = XCBuildConfiguration;
			buildSettings = {
				ALWAYS_SEARCH_USER_PATHS = NO;
				CLANG_CXX_LANGUAGE_STANDARD = "gnu++0x";
				CLANG_CXX_LIBRARY = "libc++";
				CLANG_WARN_CONSTANT_CONVERSION = YES;
				CLANG_WARN_EMPTY_BODY = YES;
				CLANG_WARN_ENUM_CONVERSION = YES;
				CLANG_WARN_INT_CONVERSION = YES;
				CLANG_WARN__DUPLICATE_METHOD_MATCH = YES;
				"CODE_SIGN_IDENTITY[sdk=iphoneos*]" = "iPhone Developer";
				COPY_PHASE_STRIP = NO;
				GCC_C_LANGUAGE_STANDARD = gnu99;
				GCC_DYNAMIC_NO_PIC = NO;
				GCC_OPTIMIZATION_LEVEL = 0;
				GCC_PREPROCESSOR_DEFINITIONS = (
					"DEBUG=1",
					"$(inherited)",
				);
				GCC_SYMBOLS_PRIVATE_EXTERN = NO;
				GCC_WARN_ABOUT_RETURN_TYPE = YES;
				GCC_WARN_UNINITIALIZED_AUTOS = YES;
				GCC_WARN_UNUSED_VARIABLE = YES;
				IPHONEOS_DEPLOYMENT_TARGET = 6.1;
				ONLY_ACTIVE_ARCH = YES;
				SDKROOT = iphoneos;
			};
			name = Debug;
		};
		5F5B3CA21712F3E400845C43 /* Release */ = {
			isa = XCBuildConfiguration;
			buildSettings = {
				ALWAYS_SEARCH_USER_PATHS = NO;
				CLANG_CXX_LANGUAGE_STANDARD = "gnu++0x";
				CLANG_CXX_LIBRARY = "libc++";
				CLANG_WARN_CONSTANT_CONVERSION = YES;
				CLANG_WARN_EMPTY_BODY = YES;
				CLANG_WARN_ENUM_CONVERSION = YES;
				CLANG_WARN_INT_CONVERSION = YES;
				CLANG_WARN__DUPLICATE_METHOD_MATCH = YES;
				"CODE_SIGN_IDENTITY[sdk=iphoneos*]" = "iPhone Developer";
				COPY_PHASE_STRIP = YES;
				GCC_C_LANGUAGE_STANDARD = gnu99;
				GCC_WARN_ABOUT_RETURN_TYPE = YES;
				GCC_WARN_UNINITIALIZED_AUTOS = YES;
				GCC_WARN_UNUSED_VARIABLE = YES;
				IPHONEOS_DEPLOYMENT_TARGET = 6.1;
				OTHER_CFLAGS = "-DNS_BLOCK_ASSERTIONS=1";
				SDKROOT = iphoneos;
				VALIDATE_PRODUCT = YES;
			};
			name = Release;
		};
		5F5B3CA41712F3E400845C43 /* Debug */ = {
			isa = XCBuildConfiguration;
			buildSettings = {
				GCC_PRECOMPILE_PREFIX_HEADER = YES;
				GCC_PREFIX_HEADER = "Camera/Camera-Prefix.pch";
				INFOPLIST_FILE = "Camera/Camera-Info.plist";
				IPHONEOS_DEPLOYMENT_TARGET = 5.0;
				PRODUCT_NAME = "$(TARGET_NAME)";
				WRAPPER_EXTENSION = app;
			};
			name = Debug;
		};
		5F5B3CA51712F3E400845C43 /* Release */ = {
			isa = XCBuildConfiguration;
			buildSettings = {
				GCC_PRECOMPILE_PREFIX_HEADER = YES;
				GCC_PREFIX_HEADER = "Camera/Camera-Prefix.pch";
				INFOPLIST_FILE = "Camera/Camera-Info.plist";
				IPHONEOS_DEPLOYMENT_TARGET = 5.0;
				PRODUCT_NAME = "$(TARGET_NAME)";
				WRAPPER_EXTENSION = app;
			};
			name = Release;
		};
/* End XCBuildConfiguration section */

/* Begin XCConfigurationList section */
		5F5B3C7B1712F3E400845C43 /* Build configuration list for PBXProject "Camera" */ = {
			isa = XCConfigurationList;
			buildConfigurations = (
				5F5B3CA11712F3E400845C43 /* Debug */,
				5F5B3CA21712F3E400845C43 /* Release */,
			);
			defaultConfigurationIsVisible = 0;
			defaultConfigurationName = Release;
		};
		5F5B3CA31712F3E400845C43 /* Build configuration list for PBXNativeTarget "Camera" */ = {
			isa = XCConfigurationList;
			buildConfigurations = (
				5F5B3CA41712F3E400845C43 /* Debug */,
				5F5B3CA51712F3E400845C43 /* Release */,
			);
			defaultConfigurationIsVisible = 0;
			defaultConfigurationName = Release;
		};
/* End XCConfigurationList section */
	};
	rootObject = 5F5B3C781712F3E400845C43 /* Project object */;
}
